
Microsoft Visual Studio Solution File, Format Version 12.00
Project("{FAE04EC0-301F-11D3-BF4B-00C04F79EFBC}") = "Kalorhytm", "Kalorhytm\Kalorhytm\Kalorhytm.csproj", "{3BC55319-28A0-47B3-8094-B3D294D9C5A4}"
EndProject
Project("{FAE04EC0-301F-11D3-BF4B-00C04F79EFBC}") = "Kalorhytm.Client", "Kalorhytm\Kalorhytm.Client\Kalorhytm.Client.csproj", "{925A0685-E5E7-4D60-B787-C7FAC6A9F036}"
EndProject
Global
	GlobalSection(SolutionConfigurationPlatforms) = preSolution
		Debug|Any CPU = Debug|Any CPU
		Release|Any CPU = Release|Any CPU
	EndGlobalSection
	GlobalSection(ProjectConfigurationPlatforms) = postSolution
		{3BC55319-28A0-47B3-8094-B3D294D9C5A4}.Debug|Any CPU.ActiveCfg = Debug|Any CPU
		{3BC55319-28A0-47B3-8094-B3D294D9C5A4}.Debug|Any CPU.Build.0 = Debug|Any CPU
		{3BC55319-28A0-47B3-8094-B3D294D9C5A4}.Release|Any CPU.ActiveCfg = Release|Any CPU
		{3BC55319-28A0-47B3-8094-B3D294D9C5A4}.Release|Any CPU.Build.0 = Release|Any CPU
		{925A0685-E5E7-4D60-B787-C7FAC6A9F036}.Debug|Any CPU.ActiveCfg = Debug|Any CPU
		{925A0685-E5E7-4D60-B787-C7FAC6A9F036}.Debug|Any CPU.Build.0 = Debug|Any CPU
		{925A0685-E5E7-4D60-B787-C7FAC6A9F036}.Release|Any CPU.ActiveCfg = Release|Any CPU
		{925A0685-E5E7-4D60-B787-C7FAC6A9F036}.Release|Any CPU.Build.0 = Release|Any CPU
	EndGlobalSection
EndGlobal
